Microsoft Visual Studio Solution File, Format Version 12.00
# Visual Studio Version 16
VisualStudioVersion = 16.0.29911.84
MinimumVisualStudioVersion = 10.0.40219.1
Project("{9A19103F-16F7-4668-BE54-9A1E7A4F7556}") = "JsonDocumentPath", "JsonDocumentPath\JsonDocumentPath.csproj", "{789D04C0-EE57-4FB2-9852-D4AC827524F1}"
EndProject
Project("{FAE04EC0-301F-11D3-BF4B-00C04F79EFBC}") = "JsonDocumentPath.Test", "JsonDocumentPath.Test\JsonDocumentPath.Test.csproj", "{BAB9F2A7-8B55-4857-BA46-B5EE1470173C}"
EndProject
Global
	GlobalSection(SolutionConfigurationPlatforms) = preSolution
		Debug|Any CPU = Debug|Any CPU
		Release|Any CPU = Release|Any CPU
		Staging|Any CPU = Staging|Any CPU
	EndGlobalSection
	GlobalSection(ProjectConfigurationPlatforms) = postSolution
		{789D04C0-EE57-4FB2-9852-D4AC827524F1}.Debug|Any CPU.ActiveCfg = Debug|Any CPU
		{789D04C0-EE57-4FB2-9852-D4AC827524F1}.Debug|Any CPU.Build.0 = Debug|Any CPU
		{789D04C0-EE57-4FB2-9852-D4AC827524F1}.Release|Any CPU.ActiveCfg = Release|Any CPU
		{789D04C0-EE57-4FB2-9852-D4AC827524F1}.Release|Any CPU.Build.0 = Release|Any CPU
		{789D04C0-EE57-4FB2-9852-D4AC827524F1}.Staging|Any CPU.ActiveCfg = Release|Any CPU
		{789D04C0-EE57-4FB2-9852-D4AC827524F1}.Staging|Any CPU.Build.0 = Release|Any CPU
		{BAB9F2A7-8B55-4857-BA46-B5EE1470173C}.Debug|Any CPU.ActiveCfg = Debug|Any CPU
		{BAB9F2A7-8B55-4857-BA46-B5EE1470173C}.Debug|Any CPU.Build.0 = Debug|Any CPU
		{BAB9F2A7-8B55-4857-BA46-B5EE1470173C}.Release|Any CPU.ActiveCfg = Release|Any CPU
		{BAB9F2A7-8B55-4857-BA46-B5EE1470173C}.Release|Any CPU.Build.0 = Release|Any CPU
		{BAB9F2A7-8B55-4857-BA46-B5EE1470173C}.Staging|Any CPU.ActiveCfg = Debug|Any CPU
		{BAB9F2A7-8B55-4857-BA46-B5EE1470173C}.Staging|Any CPU.Build.0 = Debug|Any CPU
	EndGlobalSection
	GlobalSection(SolutionProperties) = preSolution
		HideSolutionNode = FALSE
	EndGlobalSection
	GlobalSection(ExtensibilityGlobals) = postSolution
		SolutionGuid = {22521D63-5C9B-4264-968F-61631AFA2AAF}
	EndGlobalSection
EndGlobal
